
Microsoft Visual Studio Solution File, Format Version 12.00
# Visual Studio Version 17
VisualStudioVersion = 17.1.32407.343
MinimumVisualStudioVersion = 10.0.40219.1
Project("{FAE04EC0-301F-11D3-BF4B-00C04F79EFBC}") = "Exec_DeclareInt", "Exec_DeclareInt.csproj", "{642297CC-E667-4DBA-A74A-B7942282F468}"
EndProject
Global
	GlobalSection(SolutionConfigurationPlatforms) = preSolution
		Debug|Any CPU = Debug|Any CPU
		Release|Any CPU = Release|Any CPU
	EndGlobalSection
	GlobalSection(ProjectConfigurationPlatforms) = postSolution
		{642297CC-E667-4DBA-A74A-B7942282F468}.Debug|Any CPU.ActiveCfg = Debug|Any CPU
		{642297CC-E667-4DBA-A74A-B7942282F468}.Debug|Any CPU.Build.0 = Debug|Any CPU
		{642297CC-E667-4DBA-A74A-B7942282F468}.Release|Any CPU.ActiveCfg = Release|Any CPU
		{642297CC-E667-4DBA-A74A-B7942282F468}.Release|Any CPU.Build.0 = Release|Any CPU
	EndGlobalSection
	GlobalSection(SolutionProperties) = preSolution
		HideSolutionNode = FALSE
	EndGlobalSection
	GlobalSection(ExtensibilityGlobals) = postSolution
		SolutionGuid = {E72981B6-135A-419B-AEFB-7AE6432AAE38}
	EndGlobalSection
EndGlobal
